
Microsoft Visual Studio Solution File, Format Version 12.00
# Visual Studio 15
VisualStudioVersion = 15.0.28307.902
MinimumVisualStudioVersion = 10.0.40219.1
Project("{8BC9CEB8-8B4A-11D0-8D11-00A0C91BC942}") = "AuAC_11", "AuAC_11\AuAC_11.vcxproj", "{BEB4E873-5FE2-418E-9752-6E47322F13A4}"
EndProject
Project("{8BC9CEB8-8B4A-11D0-8D11-00A0C91BC942}") = "Sample-Test1", "Sample-Test1\Sample-Test1.vcxproj", "{F3F8B997-7DBD-4C63-8E57-8818AC2B5372}"
EndProject
Global
	GlobalSection(SolutionConfigurationPlatforms) = preSolution
		Debug|x64 = Debug|x64
		Debug|x86 = Debug|x86
		Release|x64 = Release|x64
		Release|x86 = Release|x86
	EndGlobalSection
	GlobalSection(ProjectConfigurationPlatforms) = postSolution
		{BEB4E873-5FE2-418E-9752-6E47322F13A4}.Debug|x64.ActiveCfg = Debug|x64
		{BEB4E873-5FE2-418E-9752-6E47322F13A4}.Debug|x64.Build.0 = Debug|x64
		{BEB4E873-5FE2-418E-9752-6E47322F13A4}.Debug|x86.ActiveCfg = Debug|Win32
		{BEB4E873-5FE2-418E-9752-6E47322F13A4}.Debug|x86.Build.0 = Debug|Win32
		{BEB4E873-5FE2-418E-9752-6E47322F13A4}.Release|x64.ActiveCfg = Release|x64
		{BEB4E873-5FE2-418E-9752-6E47322F13A4}.Release|x64.Build.0 = Release|x64
		{BEB4E873-5FE2-418E-9752-6E47322F13A4}.Release|x86.ActiveCfg = Release|Win32
		{BEB4E873-5FE2-418E-9752-6E47322F13A4}.Release|x86.Build.0 = Release|Win32
		{F3F8B997-7DBD-4C63-8E57-8818AC2B5372}.Debug|x64.ActiveCfg = Debug|x64
		{F3F8B997-7DBD-4C63-8E57-8818AC2B5372}.Debug|x64.Build.0 = Debug|x64
		{F3F8B997-7DBD-4C63-8E57-8818AC2B5372}.Debug|x86.ActiveCfg = Debug|Win32
		{F3F8B997-7DBD-4C63-8E57-8818AC2B5372}.Debug|x86.Build.0 = Debug|Win32
		{F3F8B997-7DBD-4C63-8E57-8818AC2B5372}.Release|x64.ActiveCfg = Release|x64
		{F3F8B997-7DBD-4C63-8E57-8818AC2B5372}.Release|x64.Build.0 = Release|x64
		{F3F8B997-7DBD-4C63-8E57-8818AC2B5372}.Release|x86.ActiveCfg = Release|Win32
		{F3F8B997-7DBD-4C63-8E57-8818AC2B5372}.Release|x86.Build.0 = Release|Win32
	EndGlobalSection
	GlobalSection(SolutionProperties) = preSolution
		HideSolutionNode = FALSE
	EndGlobalSection
	GlobalSection(ExtensibilityGlobals) = postSolution
		SolutionGuid = {2181EE5D-2D12-43B9-8DCF-9AD33686792B}
	EndGlobalSection
EndGlobal
